
Microsoft Visual Studio Solution File, Format Version 12.00
# Visual Studio Version 16
VisualStudioVersion = 16.0.30517.126
MinimumVisualStudioVersion = 10.0.40219.1
Project("{FAE04EC0-301F-11D3-BF4B-00C04F79EFBC}") = "StrassensMatrixMultiplication", "StrassensMatrixMultiplication\StrassensMatrixMultiplication.csproj", "{5984E657-4D0C-44EB-BF4E-CCCB4C0C4C23}"
EndProject
Global
	GlobalSection(SolutionConfigurationPlatforms) = preSolution
		Debug|Any CPU = Debug|Any CPU
		Release|Any CPU = Release|Any CPU
	EndGlobalSection
	GlobalSection(ProjectConfigurationPlatforms) = postSolution
		{5984E657-4D0C-44EB-BF4E-CCCB4C0C4C23}.Debug|Any CPU.ActiveCfg = Debug|Any CPU
		{5984E657-4D0C-44EB-BF4E-CCCB4C0C4C23}.Debug|Any CPU.Build.0 = Debug|Any CPU
		{5984E657-4D0C-44EB-BF4E-CCCB4C0C4C23}.Release|Any CPU.ActiveCfg = Release|Any CPU
		{5984E657-4D0C-44EB-BF4E-CCCB4C0C4C23}.Release|Any CPU.Build.0 = Release|Any CPU
	EndGlobalSection
	GlobalSection(SolutionProperties) = preSolution
		HideSolutionNode = FALSE
	EndGlobalSection
	GlobalSection(ExtensibilityGlobals) = postSolution
		SolutionGuid = {D6403E81-96F6-4B49-9E73-E7871021D6FA}
	EndGlobalSection
EndGlobal
